
Microsoft Visual Studio Solution File, Format Version 12.00
# Visual Studio Version 16
VisualStudioVersion = 16.0.32106.194
MinimumVisualStudioVersion = 10.0.40219.1
Project("{FAE04EC0-301F-11D3-BF4B-00C04F79EFBC}") = "memberManagment", "memberManagment\memberManagment.csproj", "{47D6ED7F-C82C-4F03-9EF2-1D0E17CC1399}"
EndProject
Global
	GlobalSection(SolutionConfigurationPlatforms) = preSolution
		Debug|Any CPU = Debug|Any CPU
		Release|Any CPU = Release|Any CPU
	EndGlobalSection
	GlobalSection(ProjectConfigurationPlatforms) = postSolution
		{47D6ED7F-C82C-4F03-9EF2-1D0E17CC1399}.Debug|Any CPU.ActiveCfg = Debug|Any CPU
		{47D6ED7F-C82C-4F03-9EF2-1D0E17CC1399}.Debug|Any CPU.Build.0 = Debug|Any CPU
		{47D6ED7F-C82C-4F03-9EF2-1D0E17CC1399}.Release|Any CPU.ActiveCfg = Release|Any CPU
		{47D6ED7F-C82C-4F03-9EF2-1D0E17CC1399}.Release|Any CPU.Build.0 = Release|Any CPU
	EndGlobalSection
	GlobalSection(SolutionProperties) = preSolution
		HideSolutionNode = FALSE
	EndGlobalSection
	GlobalSection(ExtensibilityGlobals) = postSolution
		SolutionGuid = {05B6935F-111E-4DDD-BE42-954435C0277C}
	EndGlobalSection
EndGlobal
